
Microsoft Visual Studio Solution File, Format Version 12.00
# Visual Studio Version 17
VisualStudioVersion = 17.6.33815.320
MinimumVisualStudioVersion = 10.0.40219.1
Project("{9A19103F-16F7-4668-BE54-9A1E7A4F7556}") = "AvaloniaApplication1", "AvaloniaApplication1\AvaloniaApplication1.csproj", "{02942541-6045-4D38-A049-CE76022E71C7}"
EndProject
Project("{9A19103F-16F7-4668-BE54-9A1E7A4F7556}") = "AvaloniaApplication1.Desktop", "AvaloniaApplication1.Desktop\AvaloniaApplication1.Desktop.csproj", "{F87893E6-D7B6-40B3-BEDB-131AB220CED8}"
EndProject
Global
	GlobalSection(SolutionConfigurationPlatforms) = preSolution
		Debug|Any CPU = Debug|Any CPU
		Release|Any CPU = Release|Any CPU
	EndGlobalSection
	GlobalSection(ProjectConfigurationPlatforms) = postSolution
		{02942541-6045-4D38-A049-CE76022E71C7}.Debug|Any CPU.ActiveCfg = Debug|Any CPU
		{02942541-6045-4D38-A049-CE76022E71C7}.Debug|Any CPU.Build.0 = Debug|Any CPU
		{02942541-6045-4D38-A049-CE76022E71C7}.Release|Any CPU.ActiveCfg = Release|Any CPU
		{02942541-6045-4D38-A049-CE76022E71C7}.Release|Any CPU.Build.0 = Release|Any CPU
		{F87893E6-D7B6-40B3-BEDB-131AB220CED8}.Debug|Any CPU.ActiveCfg = Debug|Any CPU
		{F87893E6-D7B6-40B3-BEDB-131AB220CED8}.Debug|Any CPU.Build.0 = Debug|Any CPU
		{F87893E6-D7B6-40B3-BEDB-131AB220CED8}.Release|Any CPU.ActiveCfg = Release|Any CPU
		{F87893E6-D7B6-40B3-BEDB-131AB220CED8}.Release|Any CPU.Build.0 = Release|Any CPU
	EndGlobalSection
	GlobalSection(SolutionProperties) = preSolution
		HideSolutionNode = FALSE
	EndGlobalSection
	GlobalSection(ExtensibilityGlobals) = postSolution
		SolutionGuid = {0ECDAFB7-2ADA-4BA4-A848-051F4C376A7C}
	EndGlobalSection
EndGlobal
